
Microsoft Visual Studio Solution File, Format Version 12.00
# Visual Studio Version 16
VisualStudioVersion = 16.0.32602.291
MinimumVisualStudioVersion = 10.0.40219.1
Project("{8BC9CEB8-8B4A-11D0-8D11-00A0C91BC942}") = "CPPLesson01", "CPPLesson01\CPPLesson01.vcxproj", "{2413F231-A3F7-4169-99EA-C3E3AF1CF58E}"
EndProject
Project("{8BC9CEB8-8B4A-11D0-8D11-00A0C91BC942}") = "CPPLesson02", "CPPLesson02\CPPLesson02.vcxproj", "{8447AAAE-921B-4881-95FC-6761B19D8E5D}"
EndProject
Project("{8BC9CEB8-8B4A-11D0-8D11-00A0C91BC942}") = "CPPLesson03", "CPPLesson03\CPPLesson03.vcxproj", "{23228A3B-13BC-4075-BD4A-FCD76643A91E}"
EndProject
Project("{8BC9CEB8-8B4A-11D0-8D11-00A0C91BC942}") = "CPPLesson04", "CPPLesson04\CPPLesson04.vcxproj", "{643BA902-6280-4A97-BB45-5FBBB2722D9E}"
EndProject
Project("{8BC9CEB8-8B4A-11D0-8D11-00A0C91BC942}") = "CPPLesson05", "CPPLesson05\CPPLesson05.vcxproj", "{ABC72D54-E4DE-418B-94CF-F5B660517051}"
EndProject
Global
	GlobalSection(SolutionConfigurationPlatforms) = preSolution
		Debug|x64 = Debug|x64
		Debug|x86 = Debug|x86
		Release|x64 = Release|x64
		Release|x86 = Release|x86
	EndGlobalSection
	GlobalSection(ProjectConfigurationPlatforms) = postSolution
		{2413F231-A3F7-4169-99EA-C3E3AF1CF58E}.Debug|x64.ActiveCfg = Debug|x64
		{2413F231-A3F7-4169-99EA-C3E3AF1CF58E}.Debug|x64.Build.0 = Debug|x64
		{2413F231-A3F7-4169-99EA-C3E3AF1CF58E}.Debug|x86.ActiveCfg = Debug|Win32
		{2413F231-A3F7-4169-99EA-C3E3AF1CF58E}.Debug|x86.Build.0 = Debug|Win32
		{2413F231-A3F7-4169-99EA-C3E3AF1CF58E}.Release|x64.ActiveCfg = Release|x64
		{2413F231-A3F7-4169-99EA-C3E3AF1CF58E}.Release|x64.Build.0 = Release|x64
		{2413F231-A3F7-4169-99EA-C3E3AF1CF58E}.Release|x86.ActiveCfg = Release|Win32
		{2413F231-A3F7-4169-99EA-C3E3AF1CF58E}.Release|x86.Build.0 = Release|Win32
		{8447AAAE-921B-4881-95FC-6761B19D8E5D}.Debug|x64.ActiveCfg = Debug|x64
		{8447AAAE-921B-4881-95FC-6761B19D8E5D}.Debug|x64.Build.0 = Debug|x64
		{8447AAAE-921B-4881-95FC-6761B19D8E5D}.Debug|x86.ActiveCfg = Debug|Win32
		{8447AAAE-921B-4881-95FC-6761B19D8E5D}.Debug|x86.Build.0 = Debug|Win32
		{8447AAAE-921B-4881-95FC-6761B19D8E5D}.Release|x64.ActiveCfg = Release|x64
		{8447AAAE-921B-4881-95FC-6761B19D8E5D}.Release|x64.Build.0 = Release|x64
		{8447AAAE-921B-4881-95FC-6761B19D8E5D}.Release|x86.ActiveCfg = Release|Win32
		{8447AAAE-921B-4881-95FC-6761B19D8E5D}.Release|x86.Build.0 = Release|Win32
		{23228A3B-13BC-4075-BD4A-FCD76643A91E}.Debug|x64.ActiveCfg = Debug|x64
		{23228A3B-13BC-4075-BD4A-FCD76643A91E}.Debug|x64.Build.0 = Debug|x64
		{23228A3B-13BC-4075-BD4A-FCD76643A91E}.Debug|x86.ActiveCfg = Debug|Win32
		{23228A3B-13BC-4075-BD4A-FCD76643A91E}.Debug|x86.Build.0 = Debug|Win32
		{23228A3B-13BC-4075-BD4A-FCD76643A91E}.Release|x64.ActiveCfg = Release|x64
		{23228A3B-13BC-4075-BD4A-FCD76643A91E}.Release|x64.Build.0 = Release|x64
		{23228A3B-13BC-4075-BD4A-FCD76643A91E}.Release|x86.ActiveCfg = Release|Win32
		{23228A3B-13BC-4075-BD4A-FCD76643A91E}.Release|x86.Build.0 = Release|Win32
		{643BA902-6280-4A97-BB45-5FBBB2722D9E}.Debug|x64.ActiveCfg = Debug|x64
		{643BA902-6280-4A97-BB45-5FBBB2722D9E}.Debug|x64.Build.0 = Debug|x64
		{643BA902-6280-4A97-BB45-5FBBB2722D9E}.Debug|x86.ActiveCfg = Debug|Win32
		{643BA902-6280-4A97-BB45-5FBBB2722D9E}.Debug|x86.Build.0 = Debug|Win32
		{643BA902-6280-4A97-BB45-5FBBB2722D9E}.Release|x64.ActiveCfg = Release|x64
		{643BA902-6280-4A97-BB45-5FBBB2722D9E}.Release|x64.Build.0 = Release|x64
		{643BA902-6280-4A97-BB45-5FBBB2722D9E}.Release|x86.ActiveCfg = Release|Win32
		{643BA902-6280-4A97-BB45-5FBBB2722D9E}.Release|x86.Build.0 = Release|Win32
		{ABC72D54-E4DE-418B-94CF-F5B660517051}.Debug|x64.ActiveCfg = Debug|x64
		{ABC72D54-E4DE-418B-94CF-F5B660517051}.Debug|x64.Build.0 = Debug|x64
		{ABC72D54-E4DE-418B-94CF-F5B660517051}.Debug|x86.ActiveCfg = Debug|Win32
		{ABC72D54-E4DE-418B-94CF-F5B660517051}.Debug|x86.Build.0 = Debug|Win32
		{ABC72D54-E4DE-418B-94CF-F5B660517051}.Release|x64.ActiveCfg = Release|x64
		{ABC72D54-E4DE-418B-94CF-F5B660517051}.Release|x64.Build.0 = Release|x64
		{ABC72D54-E4DE-418B-94CF-F5B660517051}.Release|x86.ActiveCfg = Release|Win32
		{ABC72D54-E4DE-418B-94CF-F5B660517051}.Release|x86.Build.0 = Release|Win32
	EndGlobalSection
	GlobalSection(SolutionProperties) = preSolution
		HideSolutionNode = FALSE
	EndGlobalSection
	GlobalSection(ExtensibilityGlobals) = postSolution
		SolutionGuid = {1F3A4926-4CC0-4CA9-A46B-E4F5321A6ABA}
	EndGlobalSection
EndGlobal
